schema: '2.0'
stages:
  load_data:
    cmd: python src/load_data.py --config=params.yaml
    deps:
    - path: data_given_by_client/card_transdata.csv
      md5: e3e6816e421b06706ddd35897e2f1b89
      size: 76277977
    - path: src/get_data.py
      md5: da2ba259e9c744cce4f5f770fe25546d
      size: 705
    - path: src/load_data.py
      md5: 2d6b04ebf0f01a2571ee75c71a2f7a04
      size: 633
    outs:
    - path: data/raw/raw_data.csv
      md5: eb6770e8e8afe91a9c73ad55bcc5222d
      size: 76591708
  split_data:
    cmd: python src/split_data.py --config=params.yaml
    deps:
    - path: data/raw/raw_data.csv
      md5: eb6770e8e8afe91a9c73ad55bcc5222d
      size: 76591708
    - path: src/get_data.py
      md5: da2ba259e9c744cce4f5f770fe25546d
      size: 705
    - path: src/split_data.py
      md5: ec09908ff425430bac80c0d140f1e3f2
      size: 1033
    outs:
    - path: data/processed/test_data.csv
      md5: 84ded8891d504eed0f1fd786500a68f6
      size: 22969180
    - path: data/processed/train_data.csv
      md5: 5b4e736c4de2177264623e3ee6870cf5
      size: 53595275
  train_and_evaluate:
    cmd: python src/train_and_evaluate.py --config=params.yaml
    deps:
    - path: data/processed/test_data.csv
      md5: 84ded8891d504eed0f1fd786500a68f6
      size: 22969180
    - path: data/processed/train_data.csv
      md5: 5b4e736c4de2177264623e3ee6870cf5
      size: 53595275
    - path: src/get_data.py
      md5: da2ba259e9c744cce4f5f770fe25546d
      size: 705
    - path: src/train_and_evaluate.py
      md5: 87c6875efb8621f5c947357e6ed77251
      size: 1918
    outs:
    - path: models/model.joblib
      md5: c3081d9ac704509bb298449715b9bc35
      size: 91520236
    - path: reports/scores.json
      md5: 0d60bb41df2d5850787f1676d3ab8e7b
      size: 123
